
Microsoft Visual Studio Solution File, Format Version 12.00
# Visual Studio Version 16
VisualStudioVersion = 16.0.30907.101
MinimumVisualStudioVersion = 10.0.40219.1
Project("{FAE04EC0-301F-11D3-BF4B-00C04F79EFBC}") = "JwtIdentityMvc", "JwtIdentityMvc\JwtIdentityMvc.csproj", "{452AE888-BA0F-4587-8DDB-AFB59F9B7B4D}"
EndProject
Global
	GlobalSection(SolutionConfigurationPlatforms) = preSolution
		Debug|Any CPU = Debug|Any CPU
		Release|Any CPU = Release|Any CPU
	EndGlobalSection
	GlobalSection(ProjectConfigurationPlatforms) = postSolution
		{452AE888-BA0F-4587-8DDB-AFB59F9B7B4D}.Debug|Any CPU.ActiveCfg = Debug|Any CPU
		{452AE888-BA0F-4587-8DDB-AFB59F9B7B4D}.Debug|Any CPU.Build.0 = Debug|Any CPU
		{452AE888-BA0F-4587-8DDB-AFB59F9B7B4D}.Release|Any CPU.ActiveCfg = Release|Any CPU
		{452AE888-BA0F-4587-8DDB-AFB59F9B7B4D}.Release|Any CPU.Build.0 = Release|Any CPU
	EndGlobalSection
	GlobalSection(SolutionProperties) = preSolution
		HideSolutionNode = FALSE
	EndGlobalSection
	GlobalSection(ExtensibilityGlobals) = postSolution
		SolutionGuid = {01589953-6E18-470C-B0D5-06D09C5C4A6A}
	EndGlobalSection
EndGlobal
